// !$*UTF8*$!
{
	archiveVersion = 1;
	classes = {
	};
	objectVersion = 46;
	objects = {

/* Begin PBXBuildFile section */
		0F987B4418557FF0000D8549 /* CoreFoundation.framework in Frameworks */ = {isa = PBXBuildFile; fileRef = 0F987B4318557FF0000D8549 /* CoreFoundation.framework */; };
		0F987B4A18557FF0000D8549 /* InfoPlist.strings in Resources */ = {isa = PBXBuildFile; fileRef = 0F987B4818557FF0000D8549 /* InfoPlist.strings */; };
		0F987B5818558007000D8549 /* AudioInputHandler.m in Sources */ = {isa = PBXBuildFile; fileRef = 0F987B5218558007000D8549 /* AudioInputHandler.m */; };
		0F987B5918558007000D8549 /* AudioRingBuffer.m in Sources */ = {isa = PBXBuildFile; fileRef = 0F987B5418558007000D8549 /* AudioRingBuffer.m */; };
		0F987B5A18558007000D8549 /* PluginEntry.m in Sources */ = {isa = PBXBuildFile; fileRef = 0F987B5518558007000D8549 /* PluginEntry.m */; };
		0F987B5B18558007000D8549 /* SpectrumAnalyzer.m in Sources */ = {isa = PBXBuildFile; fileRef = 0F987B5718558007000D8549 /* SpectrumAnalyzer.m */; };
		0F987B5D18558012000D8549 /* CoreAudio.framework in Frameworks */ = {isa = PBXBuildFile; fileRef = 0F987B5C18558012000D8549 /* CoreAudio.framework */; };
		0F987B5F18558017000D8549 /* Accelerate.framework in Frameworks */ = {isa = PBXBuildFile; fileRef = 0F987B5E18558017000D8549 /* Accelerate.framework */; };
		0F987B611855801C000D8549 /* AudioUnit.framework in Frameworks */ = {isa = PBXBuildFile; fileRef = 0F987B601855801C000D8549 /* AudioUnit.framework */; };
/* End PBXBuildFile section */

/* Begin PBXFileReference section */
		0F987B4018557FF0000D8549 /* AudioJackPlugin.bundle */ = {isa = PBXFileReference; explicitFileType = wrapper.cfbundle; includeInIndex = 0; path = AudioJackPlugin.bundle; sourceTree = BUILT_PRODUCTS_DIR; };
		0F987B4318557FF0000D8549 /* CoreFoundation.framework */ = {isa = PBXFileReference; lastKnownFileType = wrapper.framework; name = CoreFoundation.framework; path = System/Library/Frameworks/CoreFoundation.framework; sourceTree = SDKROOT; };
		0F987B4718557FF0000D8549 /* AudioJackPlugin-Info.plist */ = {isa = PBXFileReference; lastKnownFileType = text.plist.xml; path = "AudioJackPlugin-Info.plist"; sourceTree = "<group>"; };
		0F987B4918557FF0000D8549 /* en */ = {isa = PBXFileReference; lastKnownFileType = text.plist.strings; name = en; path = en.lproj/InfoPlist.strings; sourceTree = "<group>"; };
		0F987B4B18557FF0000D8549 /* AudioJackPlugin-Prefix.pch */ = {isa = PBXFileReference; lastKnownFileType = sourcecode.c.h; path = "AudioJackPlugin-Prefix.pch"; sourceTree = "<group>"; };
		0F987B5118558007000D8549 /* AudioInputHandler.h */ = {isa = PBXFileReference; fileEncoding = 4; lastKnownFileType = sourcecode.c.h; path = AudioInputHandler.h; sourceTree = "<group>"; };
		0F987B5218558007000D8549 /* AudioInputHandler.m */ = {isa = PBXFileReference; fileEncoding = 4; lastKnownFileType = sourcecode.c.objc; path = AudioInputHandler.m; sourceTree = "<group>"; };
		0F987B5318558007000D8549 /* AudioRingBuffer.h */ = {isa = PBXFileReference; fileEncoding = 4; lastKnownFileType = sourcecode.c.h; path = AudioRingBuffer.h; sourceTree = "<group>"; };
		0F987B5418558007000D8549 /* AudioRingBuffer.m */ = {isa = PBXFileReference; fileEncoding = 4; lastKnownFileType = sourcecode.c.objc; path = AudioRingBuffer.m; sourceTree = "<group>"; };
		0F987B5518558007000D8549 /* PluginEntry.m */ = {isa = PBXFileReference; fileEncoding = 4; lastKnownFileType = sourcecode.c.objc; path = PluginEntry.m; sourceTree = "<group>"; };
		0F987B5618558007000D8549 /* SpectrumAnalyzer.h */ = {isa = PBXFileReference; fileEncoding = 4; lastKnownFileType = sourcecode.c.h; path = SpectrumAnalyzer.h; sourceTree = "<group>"; };
		0F987B5718558007000D8549 /* SpectrumAnalyzer.m */ = {isa = PBXFileReference; fileEncoding = 4; lastKnownFileType = sourcecode.c.objc; path = SpectrumAnalyzer.m; sourceTree = "<group>"; };
		0F987B5C18558012000D8549 /* CoreAudio.framework */ = {isa = PBXFileReference; lastKnownFileType = wrapper.framework; name = CoreAudio.framework; path = System/Library/Frameworks/CoreAudio.framework; sourceTree = SDKROOT; };
		0F987B5E18558017000D8549 /* Accelerate.framework */ = {isa = PBXFileReference; lastKnownFileType = wrapper.framework; name = Accelerate.framework; path = System/Library/Frameworks/Accelerate.framework; sourceTree = SDKROOT; };
		0F987B601855801C000D8549 /* AudioUnit.framework */ = {isa = PBXFileReference; lastKnownFileType = wrapper.framework; name = AudioUnit.framework; path = System/Library/Frameworks/AudioUnit.framework; sourceTree = SDKROOT; };
		0F987B6218558077000D8549 /* README.md */ = {isa = PBXFileReference; fileEncoding = 4; lastKnownFileType = text; path = README.md; sourceTree = SOURCE_ROOT; };
/* End PBXFileReference section */

/* Begin PBXFrameworksBuildPhase section */
		0F987B3D18557FF0000D8549 /* Frameworks */ = {
			isa = PBXFrameworksBuildPhase;
			buildActionMask = 2147483647;
			files = (
				0F987B611855801C000D8549 /* AudioUnit.framework in Frameworks */,
				0F987B5F18558017000D8549 /* Accelerate.framework in Frameworks */,
				0F987B5D18558012000D8549 /* CoreAudio.framework in Frameworks */,
				0F987B4418557FF0000D8549 /* CoreFoundation.framework in Frameworks */,
			);
			runOnlyForDeploymentPostprocessing = 0;
		};
/* End PBXFrameworksBuildPhase section */

/* Begin PBXGroup section */
		0F987B3718557FF0000D8549 = {
			isa = PBXGroup;
			children = (
				0F987B4518557FF0000D8549 /* AudioJackPlugin */,
				0F987B4218557FF0000D8549 /* Frameworks */,
				0F987B4118557FF0000D8549 /* Products */,
			);
			sourceTree = "<group>";
		};
		0F987B4118557FF0000D8549 /* Products */ = {
			isa = PBXGroup;
			children = (
				0F987B4018557FF0000D8549 /* AudioJackPlugin.bundle */,
			);
			name = Products;
			sourceTree = "<group>";
		};
		0F987B4218557FF0000D8549 /* Frameworks */ = {
			isa = PBXGroup;
			children = (
				0F987B601855801C000D8549 /* AudioUnit.framework */,
				0F987B5E18558017000D8549 /* Accelerate.framework */,
				0F987B5C18558012000D8549 /* CoreAudio.framework */,
				0F987B4318557FF0000D8549 /* CoreFoundation.framework */,
			);
			name = Frameworks;
			sourceTree = "<group>";
		};
		0F987B4518557FF0000D8549 /* AudioJackPlugin */ = {
			isa = PBXGroup;
			children = (
				0F987B5118558007000D8549 /* AudioInputHandler.h */,
				0F987B5218558007000D8549 /* AudioInputHandler.m */,
				0F987B5318558007000D8549 /* AudioRingBuffer.h */,
				0F987B5418558007000D8549 /* AudioRingBuffer.m */,
				0F987B5518558007000D8549 /* PluginEntry.m */,
				0F987B5618558007000D8549 /* SpectrumAnalyzer.h */,
				0F987B5718558007000D8549 /* SpectrumAnalyzer.m */,
				0F987B4618557FF0000D8549 /* Supporting Files */,
			);
			path = AudioJackPlugin;
			sourceTree = "<group>";
		};
		0F987B4618557FF0000D8549 /* Supporting Files */ = {
			isa = PBXGroup;
			children = (
				0F987B6218558077000D8549 /* README.md */,
				0F987B4718557FF0000D8549 /* AudioJackPlugin-Info.plist */,
				0F987B4818557FF0000D8549 /* InfoPlist.strings */,
				0F987B4B18557FF0000D8549 /* AudioJackPlugin-Prefix.pch */,
			);
			name = "Supporting Files";
			sourceTree = "<group>";
		};
/* End PBXGroup section */

/* Begin PBXNativeTarget section */
		0F987B3F18557FF0000D8549 /* AudioJackPlugin */ = {
			isa = PBXNativeTarget;
			buildConfigurationList = 0F987B4E18557FF0000D8549 /* Build configuration list for PBXNativeTarget "AudioJackPlugin" */;
			buildPhases = (
				0F987B3C18557FF0000D8549 /* Sources */,
				0F987B3D18557FF0000D8549 /* Frameworks */,
				0F987B3E18557FF0000D8549 /* Resources */,
			);
			buildRules = (
			);
			dependencies = (
			);
			name = AudioJackPlugin;
			productName = AudioJackPlugin;
			productReference = 0F987B4018557FF0000D8549 /* AudioJackPlugin.bundle */;
			productType = "com.apple.product-type.bundle";
		};
/* End PBXNativeTarget section */

/* Begin PBXProject section */
		0F987B3818557FF0000D8549 /* Project object */ = {
			isa = PBXProject;
			attributes = {
				LastUpgradeCheck = 0500;
				ORGANIZATIONNAME = "Keijiro Takahashi";
			};
			buildConfigurationList = 0F987B3B18557FF0000D8549 /* Build configuration list for PBXProject "AudioJackPlugin" */;
			compatibilityVersion = "Xcode 3.2";
			developmentRegion = English;
			hasScannedForEncodings = 0;
			knownRegions = (
				en,
			);
			mainGroup = 0F987B3718557FF0000D8549;
			productRefGroup = 0F987B4118557FF0000D8549 /* Products */;
			projectDirPath = "";
			projectRoot = "";
			targets = (
				0F987B3F18557FF0000D8549 /* AudioJackPlugin */,
			);
		};
/* End PBXProject section */

/* Begin PBXResourcesBuildPhase section */
		0F987B3E18557FF0000D8549 /* Resources */ = {
			isa = PBXResourcesBuildPhase;
			buildActionMask = 2147483647;
			files = (
				0F987B4A18557FF0000D8549 /* InfoPlist.strings in Resources */,
			);
			runOnlyForDeploymentPostprocessing = 0;
		};
/* End PBXResourcesBuildPhase section */

/* Begin PBXSourcesBuildPhase section */
		0F987B3C18557FF0000D8549 /* Sources */ = {
			isa = PBXSourcesBuildPhase;
			buildActionMask = 2147483647;
			files = (
				0F987B5918558007000D8549 /* AudioRingBuffer.m in Sources */,
				0F987B5A18558007000D8549 /* PluginEntry.m in Sources */,
				0F987B5B18558007000D8549 /* SpectrumAnalyzer.m in Sources */,
				0F987B5818558007000D8549 /* AudioInputHandler.m in Sources */,
			);
			runOnlyForDeploymentPostprocessing = 0;
		};
/* End PBXSourcesBuildPhase section */

/* Begin PBXVariantGroup section */
		0F987B4818557FF0000D8549 /* InfoPlist.strings */ = {
			isa = PBXVariantGroup;
			children = (
				0F987B4918557FF0000D8549 /* en */,
			);
			name = InfoPlist.strings;
			sourceTree = "<group>";
		};
/* End PBXVariantGroup section */

/* Begin XCBuildConfiguration section */
		0F987B4C18557FF0000D8549 /* Debug */ = {
			isa = XCBuildConfiguration;
			buildSettings = {
				ALWAYS_SEARCH_USER_PATHS = NO;
				ARCHS = "$(ARCHS_STANDARD_32_64_BIT)";
				CLANG_CXX_LANGUAGE_STANDARD = "gnu++0x";
				CLANG_CXX_LIBRARY = "libc++";
				CLANG_WARN_BOOL_CONVERSION = YES;
				CLANG_WARN_CONSTANT_CONVERSION = YES;
				CLANG_WARN_DIRECT_OBJC_ISA_USAGE = YES_ERROR;
				CLANG_WARN_EMPTY_BODY = YES;
				CLANG_WARN_ENUM_CONVERSION = YES;
				CLANG_WARN_INT_CONVERSION = YES;
				CLANG_WARN_OBJC_ROOT_CLASS = YES_ERROR;
				CLANG_WARN__DUPLICATE_METHOD_MATCH = YES;
				COPY_PHASE_STRIP = NO;
				GCC_C_LANGUAGE_STANDARD = gnu99;
				GCC_DYNAMIC_NO_PIC = NO;
				GCC_ENABLE_OBJC_EXCEPTIONS = YES;
				GCC_OPTIMIZATION_LEVEL = 0;
				GCC_PREPROCESSOR_DEFINITIONS = (
					"DEBUG=1",
					"$(inherited)",
				);
				GCC_SYMBOLS_PRIVATE_EXTERN = NO;
				GCC_WARN_64_TO_32_BIT_CONVERSION = YES;
				GCC_WARN_ABOUT_RETURN_TYPE = YES_ERROR;
				GCC_WARN_UNDECLARED_SELECTOR = YES;
				GCC_WARN_UNINITIALIZED_AUTOS = YES;
				GCC_WARN_UNUSED_FUNCTION = YES;
				GCC_WARN_UNUSED_VARIABLE = YES;
				MACOSX_DEPLOYMENT_TARGET = 10.9;
				ONLY_ACTIVE_ARCH = YES;
				SDKROOT = macosx;
			};
			name = Debug;
		};
		0F987B4D18557FF0000D8549 /* Release */ = {
			isa = XCBuildConfiguration;
			buildSettings = {
				ALWAYS_SEARCH_USER_PATHS = NO;
				ARCHS = "$(ARCHS_STANDARD_32_64_BIT)";
				CLANG_CXX_LANGUAGE_STANDARD = "gnu++0x";
				CLANG_CXX_LIBRARY = "libc++";
				CLANG_WARN_BOOL_CONVERSION = YES;
				CLANG_WARN_CONSTANT_CONVERSION = YES;
				CLANG_WARN_DIRECT_OBJC_ISA_USAGE = YES_ERROR;
				CLANG_WARN_EMPTY_BODY = YES;
				CLANG_WARN_ENUM_CONVERSION = YES;
				CLANG_WARN_INT_CONVERSION = YES;
				CLANG_WARN_OBJC_ROOT_CLASS = YES_ERROR;
				CLANG_WARN__DUPLICATE_METHOD_MATCH = YES;
				COPY_PHASE_STRIP = YES;
				DEBUG_INFORMATION_FORMAT = "dwarf-with-dsym";
				ENABLE_NS_ASSERTIONS = NO;
				GCC_C_LANGUAGE_STANDARD = gnu99;
				GCC_ENABLE_OBJC_EXCEPTIONS = YES;
				GCC_WARN_64_TO_32_BIT_CONVERSION = YES;
				GCC_WARN_ABOUT_RETURN_TYPE = YES_ERROR;
				GCC_WARN_UNDECLARED_SELECTOR = YES;
				GCC_WARN_UNINITIALIZED_AUTOS = YES;
				GCC_WARN_UNUSED_FUNCTION = YES;
				GCC_WARN_UNUSED_VARIABLE = YES;
				MACOSX_DEPLOYMENT_TARGET = 10.9;
				SDKROOT = macosx;
			};
			name = Release;
		};
		0F987B4F18557FF0000D8549 /* Debug */ = {
			isa = XCBuildConfiguration;
			buildSettings = {
				COMBINE_HIDPI_IMAGES = YES;
				GCC_PRECOMPILE_PREFIX_HEADER = YES;
				GCC_PREFIX_HEADER = "AudioJackPlugin/AudioJackPlugin-Prefix.pch";
				INFOPLIST_FILE = "AudioJackPlugin/AudioJackPlugin-Info.plist";
				INSTALL_PATH = "$(LOCAL_LIBRARY_DIR)/Bundles";
				PRODUCT_NAME = "$(TARGET_NAME)";
				WRAPPER_EXTENSION = bundle;
			};
			name = Debug;
		};
		0F987B5018557FF0000D8549 /* Release */ = {
			isa = XCBuildConfiguration;
			buildSettings = {
				COMBINE_HIDPI_IMAGES = YES;
				GCC_PRECOMPILE_PREFIX_HEADER = YES;
				GCC_PREFIX_HEADER = "AudioJackPlugin/AudioJackPlugin-Prefix.pch";
				INFOPLIST_FILE = "AudioJackPlugin/AudioJackPlugin-Info.plist";
				INSTALL_PATH = "$(LOCAL_LIBRARY_DIR)/Bundles";
				PRODUCT_NAME = "$(TARGET_NAME)";
				WRAPPER_EXTENSION = bundle;
			};
			name = Release;
		};
/* End XCBuildConfiguration section */

/* Begin XCConfigurationList section */
		0F987B3B18557FF0000D8549 /* Build configuration list for PBXProject "AudioJackPlugin" */ = {
			isa = XCConfigurationList;
			buildConfigurations = (
				0F987B4C18557FF0000D8549 /* Debug */,
				0F987B4D18557FF0000D8549 /* Release */,
			);
			defaultConfigurationIsVisible = 0;
			defaultConfigurationName = Release;
		};
		0F987B4E18557FF0000D8549 /* Build configuration list for PBXNativeTarget "AudioJackPlugin" */ = {
			isa = XCConfigurationList;
			buildConfigurations = (
				0F987B4F18557FF0000D8549 /* Debug */,
				0F987B5018557FF0000D8549 /* Release */,
			);
			defaultConfigurationIsVisible = 0;
			defaultConfigurationName = Release;
		};
/* End XCConfigurationList section */
	};
	rootObject = 0F987B3818557FF0000D8549 /* Project object */;
}
